{
  "name": "mujoco_wasm",
  "version": "0.0.2",
  "lockfileVersion": 3,
  "requires": true,
  "packages": {
    "": {
      "name": "mujoco_wasm",
      "version": "0.0.2",
      "license": "ISC",
      "dependencies": {
        "three": "^0.181.0"
      }
    },
    "node_modules/three": {
      "version": "0.181.0",
      "resolved": "https://registry.npmjs.org/three/-/three-0.181.0.tgz",
      "integrity": "sha512-KGf6EOCOQGshXeleKxpxhbowQwAXR2dLlD93egHtZ9Qmk07Saf8sXDR+7wJb53Z1ORZiatZ4WGST9UsVxhHEbg==",
      "license": "MIT"
    }
  }
}
